{
  "name": "awei-demo",
  "version": "1.0.0",
  "lockfileVersion": 1,
  "requires": true,
  "dependencies": {
    "plotly.js-dist": {
      "version": "1.57.1",
      "resolved": "https://registry.npmjs.org/plotly.js-dist/-/plotly.js-dist-1.57.1.tgz",
      "integrity": "sha512-tOOFxNc6PvdDkOUgWCSYc+CcxQULTpaGTROxrtmmF8NuZghcT3EInsToEzhPH3PcGM6bu61fKo73ZiFqxwYtlg=="
    }
  }
}
